// !$*UTF8*$!
{
	archiveVersion = 1;
	classes = {
	};
	objectVersion = 50;
	objects = {

/* Begin PBXBuildFile section */
		2C04DD1E2111C47E00F7E1F1 /* Endpoints.swift in Sources */ = {isa = PBXBuildFile; fileRef = 2C04DD1D2111C47E00F7E1F1 /* Endpoints.swift */; };
		2CC5980E210990D000D7F61F /* AppDelegate.swift in Sources */ = {isa = PBXBuildFile; fileRef = 2CC5980D210990D000D7F61F /* AppDelegate.swift */; };
		2CC59810210990D000D7F61F /* ViewController.swift in Sources */ = {isa = PBXBuildFile; fileRef = 2CC5980F210990D000D7F61F /* ViewController.swift */; };
		2CC59813210990D000D7F61F /* Main.storyboard in Resources */ = {isa = PBXBuildFile; fileRef = 2CC59811210990D000D7F61F /* Main.storyboard */; };
		2CC59815210990D100D7F61F /* Assets.xcassets in Resources */ = {isa = PBXBuildFile; fileRef = 2CC59814210990D100D7F61F /* Assets.xcassets */; };
		2CC59818210990D100D7F61F /* LaunchScreen.storyboard in Resources */ = {isa = PBXBuildFile; fileRef = 2CC59816210990D100D7F61F /* LaunchScreen.storyboard */; };
		2CC598202109916900D7F61F /* NewsModel.swift in Sources */ = {isa = PBXBuildFile; fileRef = 2CC5981F2109916900D7F61F /* NewsModel.swift */; };
		2CC598222109956500D7F61F /* NetworkDataManager.swift in Sources */ = {isa = PBXBuildFile; fileRef = 2CC598212109956500D7F61F /* NetworkDataManager.swift */; };
		2CF92C752112ECB400B1B20C /* EndpointsViewController.swift in Sources */ = {isa = PBXBuildFile; fileRef = 2CF92C742112ECB400B1B20C /* EndpointsViewController.swift */; };
		2CF95536210BC26600952C69 /* NewsTableViewCell.swift in Sources */ = {isa = PBXBuildFile; fileRef = 2CF95534210BC26600952C69 /* NewsTableViewCell.swift */; };
		2CF95537210BC26600952C69 /* NewsTableViewCell.xib in Resources */ = {isa = PBXBuildFile; fileRef = 2CF95535210BC26600952C69 /* NewsTableViewCell.xib */; };
/* End PBXBuildFile section */

/* Begin PBXFileReference section */
		2C04DD1D2111C47E00F7E1F1 /* Endpoints.swift */ = {isa = PBXFileReference; lastKnownFileType = sourcecode.swift; path = Endpoints.swift; sourceTree = "<group>"; };
		2CC5980A210990D000D7F61F /* TestTask.app */ = {isa = PBXFileReference; explicitFileType = wrapper.application; includeInIndex = 0; path = TestTask.app; sourceTree = BUILT_PRODUCTS_DIR; };
		2CC5980D210990D000D7F61F /* AppDelegate.swift */ = {isa = PBXFileReference; lastKnownFileType = sourcecode.swift; path = AppDelegate.swift; sourceTree = "<group>"; };
		2CC5980F210990D000D7F61F /* ViewController.swift */ = {isa = PBXFileReference; lastKnownFileType = sourcecode.swift; path = ViewController.swift; sourceTree = "<group>"; };
		2CC59812210990D000D7F61F /* Base */ = {isa = PBXFileReference; lastKnownFileType = file.storyboard; name = Base; path = Base.lproj/Main.storyboard; sourceTree = "<group>"; };
		2CC59814210990D100D7F61F /* Assets.xcassets */ = {isa = PBXFileReference; lastKnownFileType = folder.assetcatalog; path = Assets.xcassets; sourceTree = "<group>"; };
		2CC59817210990D100D7F61F /* Base */ = {isa = PBXFileReference; lastKnownFileType = file.storyboard; name = Base; path = Base.lproj/LaunchScreen.storyboard; sourceTree = "<group>"; };
		2CC59819210990D100D7F61F /* Info.plist */ = {isa = PBXFileReference; lastKnownFileType = text.plist.xml; path = Info.plist; sourceTree = "<group>"; };
		2CC5981F2109916900D7F61F /* NewsModel.swift */ = {isa = PBXFileReference; lastKnownFileType = sourcecode.swift; path = NewsModel.swift; sourceTree = "<group>"; };
		2CC598212109956500D7F61F /* NetworkDataManager.swift */ = {isa = PBXFileReference; lastKnownFileType = sourcecode.swift; path = NetworkDataManager.swift; sourceTree = "<group>"; };
		2CF92C742112ECB400B1B20C /* EndpointsViewController.swift */ = {isa = PBXFileReference; lastKnownFileType = sourcecode.swift; path = EndpointsViewController.swift; sourceTree = "<group>"; };
		2CF95534210BC26600952C69 /* NewsTableViewCell.swift */ = {isa = PBXFileReference; lastKnownFileType = sourcecode.swift; path = NewsTableViewCell.swift; sourceTree = "<group>"; };
		2CF95535210BC26600952C69 /* NewsTableViewCell.xib */ = {isa = PBXFileReference; lastKnownFileType = file.xib; path = NewsTableViewCell.xib; sourceTree = "<group>"; };
/* End PBXFileReference section */

/* Begin PBXFrameworksBuildPhase section */
		2CC59807210990D000D7F61F /* Frameworks */ = {
			isa = PBXFrameworksBuildPhase;
			buildActionMask = 2147483647;
			files = (
			);
			runOnlyForDeploymentPostprocessing = 0;
		};
/* End PBXFrameworksBuildPhase section */

/* Begin PBXGroup section */
		2CC59801210990D000D7F61F = {
			isa = PBXGroup;
			children = (
				2CC5980C210990D000D7F61F /* TestTask */,
				2CC5980B210990D000D7F61F /* Products */,
			);
			sourceTree = "<group>";
		};
		2CC5980B210990D000D7F61F /* Products */ = {
			isa = PBXGroup;
			children = (
				2CC5980A210990D000D7F61F /* TestTask.app */,
			);
			name = Products;
			sourceTree = "<group>";
		};
		2CC5980C210990D000D7F61F /* TestTask */ = {
			isa = PBXGroup;
			children = (
				2CC5981F2109916900D7F61F /* NewsModel.swift */,
				2CC5980D210990D000D7F61F /* AppDelegate.swift */,
				2CC5980F210990D000D7F61F /* ViewController.swift */,
				2CC59811210990D000D7F61F /* Main.storyboard */,
				2CF92C742112ECB400B1B20C /* EndpointsViewController.swift */,
				2CF95534210BC26600952C69 /* NewsTableViewCell.swift */,
				2CF95535210BC26600952C69 /* NewsTableViewCell.xib */,
				2C04DD1D2111C47E00F7E1F1 /* Endpoints.swift */,
				2CC59814210990D100D7F61F /* Assets.xcassets */,
				2CC59816210990D100D7F61F /* LaunchScreen.storyboard */,
				2CC59819210990D100D7F61F /* Info.plist */,
				2CC598212109956500D7F61F /* NetworkDataManager.swift */,
			);
			path = TestTask;
			sourceTree = "<group>";
		};
/* End PBXGroup section */

/* Begin PBXNativeTarget section */
		2CC59809210990D000D7F61F /* TestTask */ = {
			isa = PBXNativeTarget;
			buildConfigurationList = 2CC5981C210990D100D7F61F /* Build configuration list for PBXNativeTarget "TestTask" */;
			buildPhases = (
				2CC59806210990D000D7F61F /* Sources */,
				2CC59807210990D000D7F61F /* Frameworks */,
				2CC59808210990D000D7F61F /* Resources */,
			);
			buildRules = (
			);
			dependencies = (
			);
			name = TestTask;
			productName = TestTask;
			productReference = 2CC5980A210990D000D7F61F /* TestTask.app */;
			productType = "com.apple.product-type.application";
		};
/* End PBXNativeTarget section */

/* Begin PBXProject section */
		2CC59802210990D000D7F61F /* Project object */ = {
			isa = PBXProject;
			attributes = {
				LastSwiftUpdateCheck = 0940;
				LastUpgradeCheck = 0940;
				ORGANIZATIONNAME = Ivan;
				TargetAttributes = {
					2CC59809210990D000D7F61F = {
						CreatedOnToolsVersion = 9.4.1;
					};
				};
			};
			buildConfigurationList = 2CC59805210990D000D7F61F /* Build configuration list for PBXProject "TestTask" */;
			compatibilityVersion = "Xcode 9.3";
			developmentRegion = en;
			hasScannedForEncodings = 0;
			knownRegions = (
				en,
				Base,
			);
			mainGroup = 2CC59801210990D000D7F61F;
			productRefGroup = 2CC5980B210990D000D7F61F /* Products */;
			projectDirPath = "";
			projectRoot = "";
			targets = (
				2CC59809210990D000D7F61F /* TestTask */,
			);
		};
/* End PBXProject section */

/* Begin PBXResourcesBuildPhase section */
		2CC59808210990D000D7F61F /* Resources */ = {
			isa = PBXResourcesBuildPhase;
			buildActionMask = 2147483647;
			files = (
				2CC59818210990D100D7F61F /* LaunchScreen.storyboard in Resources */,
				2CC59815210990D100D7F61F /* Assets.xcassets in Resources */,
				2CF95537210BC26600952C69 /* NewsTableViewCell.xib in Resources */,
				2CC59813210990D000D7F61F /* Main.storyboard in Resources */,
			);
			runOnlyForDeploymentPostprocessing = 0;
		};
/* End PBXResourcesBuildPhase section */

/* Begin PBXSourcesBuildPhase section */
		2CC59806210990D000D7F61F /* Sources */ = {
			isa = PBXSourcesBuildPhase;
			buildActionMask = 2147483647;
			files = (
				2CC598202109916900D7F61F /* NewsModel.swift in Sources */,
				2CC59810210990D000D7F61F /* ViewController.swift in Sources */,
				2CF92C752112ECB400B1B20C /* EndpointsViewController.swift in Sources */,
				2CF95536210BC26600952C69 /* NewsTableViewCell.swift in Sources */,
				2CC598222109956500D7F61F /* NetworkDataManager.swift in Sources */,
				2C04DD1E2111C47E00F7E1F1 /* Endpoints.swift in Sources */,
				2CC5980E210990D000D7F61F /* AppDelegate.swift in Sources */,
			);
			runOnlyForDeploymentPostprocessing = 0;
		};
/* End PBXSourcesBuildPhase section */

/* Begin PBXVariantGroup section */
		2CC59811210990D000D7F61F /* Main.storyboard */ = {
			isa = PBXVariantGroup;
			children = (
				2CC59812210990D000D7F61F /* Base */,
			);
			name = Main.storyboard;
			sourceTree = "<group>";
		};
		2CC59816210990D100D7F61F /* LaunchScreen.storyboard */ = {
			isa = PBXVariantGroup;
			children = (
				2CC59817210990D100D7F61F /* Base */,
			);
			name = LaunchScreen.storyboard;
			sourceTree = "<group>";
		};
/* End PBXVariantGroup section */

/* Begin XCBuildConfiguration section */
		2CC5981A210990D100D7F61F /* Debug */ = {
			isa = XCBuildConfiguration;
			buildSettings = {
				ALWAYS_SEARCH_USER_PATHS = NO;
				CLANG_ANALYZER_NONNULL = YES;
				CLANG_ANALYZER_NUMBER_OBJECT_CONVERSION = YES_AGGRESSIVE;
				CLANG_CXX_LANGUAGE_STANDARD = "gnu++14";
				CLANG_CXX_LIBRARY = "libc++";
				CLANG_ENABLE_MODULES = YES;
				CLANG_ENABLE_OBJC_ARC = YES;
				CLANG_ENABLE_OBJC_WEAK = YES;
				CLANG_WARN_BLOCK_CAPTURE_AUTORELEASING = YES;
				CLANG_WARN_BOOL_CONVERSION = YES;
				CLANG_WARN_COMMA = YES;
				CLANG_WARN_CONSTANT_CONVERSION = YES;
				CLANG_WARN_DEPRECATED_OBJC_IMPLEMENTATIONS = YES;
				CLANG_WARN_DIRECT_OBJC_ISA_USAGE = YES_ERROR;
				CLANG_WARN_DOCUMENTATION_COMMENTS = YES;
				CLANG_WARN_EMPTY_BODY = YES;
				CLANG_WARN_ENUM_CONVERSION = YES;
				CLANG_WARN_INFINITE_RECURSION = YES;
				CLANG_WARN_INT_CONVERSION = YES;
				CLANG_WARN_NON_LITERAL_NULL_CONVERSION = YES;
				CLANG_WARN_OBJC_IMPLICIT_RETAIN_SELF = YES;
				CLANG_WARN_OBJC_LITERAL_CONVERSION = YES;
				CLANG_WARN_OBJC_ROOT_CLASS = YES_ERROR;
				CLANG_WARN_RANGE_LOOP_ANALYSIS = YES;
				CLANG_WARN_STRICT_PROTOTYPES = YES;
				CLANG_WARN_SUSPICIOUS_MOVE = YES;
				CLANG_WARN_UNGUARDED_AVAILABILITY = YES_AGGRESSIVE;
				CLANG_WARN_UNREACHABLE_CODE = YES;
				CLANG_WARN__DUPLICATE_METHOD_MATCH = YES;
				CODE_SIGN_IDENTITY = "iPhone Developer";
				COPY_PHASE_STRIP = NO;
				DEBUG_INFORMATION_FORMAT = dwarf;
				ENABLE_STRICT_OBJC_MSGSEND = YES;
				ENABLE_TESTABILITY = YES;
				GCC_C_LANGUAGE_STANDARD = gnu11;
				GCC_DYNAMIC_NO_PIC = NO;
				GCC_NO_COMMON_BLOCKS = YES;
				GCC_OPTIMIZATION_LEVEL = 0;
				GCC_PREPROCESSOR_DEFINITIONS = (
					"DEBUG=1",
					"$(inherited)",
				);
				GCC_WARN_64_TO_32_BIT_CONVERSION = YES;
				GCC_WARN_ABOUT_RETURN_TYPE = YES_ERROR;
				GCC_WARN_UNDECLARED_SELECTOR = YES;
				GCC_WARN_UNINITIALIZED_AUTOS = YES_AGGRESSIVE;
				GCC_WARN_UNUSED_FUNCTION = YES;
				GCC_WARN_UNUSED_VARIABLE = YES;
				IPHONEOS_DEPLOYMENT_TARGET = 11.4;
				MTL_ENABLE_DEBUG_INFO = YES;
				ONLY_ACTIVE_ARCH = YES;
				SDKROOT = iphoneos;
				SWIFT_ACTIVE_COMPILATION_CONDITIONS = DEBUG;
				SWIFT_OPTIMIZATION_LEVEL = "-Onone";
			};
			name = Debug;
		};
		2CC5981B210990D100D7F61F /* Release */ = {
			isa = XCBuildConfiguration;
			buildSettings = {
				ALWAYS_SEARCH_USER_PATHS = NO;
				CLANG_ANALYZER_NONNULL = YES;
				CLANG_ANALYZER_NUMBER_OBJECT_CONVERSION = YES_AGGRESSIVE;
				CLANG_CXX_LANGUAGE_STANDARD = "gnu++14";
				CLANG_CXX_LIBRARY = "libc++";
				CLANG_ENABLE_MODULES = YES;
				CLANG_ENABLE_OBJC_ARC = YES;
				CLANG_ENABLE_OBJC_WEAK = YES;
				CLANG_WARN_BLOCK_CAPTURE_AUTORELEASING = YES;
				CLANG_WARN_BOOL_CONVERSION = YES;
				CLANG_WARN_COMMA = YES;
				CLANG_WARN_CONSTANT_CONVERSION = YES;
				CLANG_WARN_DEPRECATED_OBJC_IMPLEMENTATIONS = YES;
				CLANG_WARN_DIRECT_OBJC_ISA_USAGE = YES_ERROR;
				CLANG_WARN_DOCUMENTATION_COMMENTS = YES;
				CLANG_WARN_EMPTY_BODY = YES;
				CLANG_WARN_ENUM_CONVERSION = YES;
				CLANG_WARN_INFINITE_RECURSION = YES;
				CLANG_WARN_INT_CONVERSION = YES;
				CLANG_WARN_NON_LITERAL_NULL_CONVERSION = YES;
				CLANG_WARN_OBJC_IMPLICIT_RETAIN_SELF = YES;
				CLANG_WARN_OBJC_LITERAL_CONVERSION = YES;
				CLANG_WARN_OBJC_ROOT_CLASS = YES_ERROR;
				CLANG_WARN_RANGE_LOOP_ANALYSIS = YES;
				CLANG_WARN_STRICT_PROTOTYPES = YES;
				CLANG_WARN_SUSPICIOUS_MOVE = YES;
				CLANG_WARN_UNGUARDED_AVAILABILITY = YES_AGGRESSIVE;
				CLANG_WARN_UNREACHABLE_CODE = YES;
				CLANG_WARN__DUPLICATE_METHOD_MATCH = YES;
				CODE_SIGN_IDENTITY = "iPhone Developer";
				COPY_PHASE_STRIP = NO;
				DEBUG_INFORMATION_FORMAT = "dwarf-with-dsym";
				ENABLE_NS_ASSERTIONS = NO;
				ENABLE_STRICT_OBJC_MSGSEND = YES;
				GCC_C_LANGUAGE_STANDARD = gnu11;
				GCC_NO_COMMON_BLOCKS = YES;
				GCC_WARN_64_TO_32_BIT_CONVERSION = YES;
				GCC_WARN_ABOUT_RETURN_TYPE = YES_ERROR;
				GCC_WARN_UNDECLARED_SELECTOR = YES;
				GCC_WARN_UNINITIALIZED_AUTOS = YES_AGGRESSIVE;
				GCC_WARN_UNUSED_FUNCTION = YES;
				GCC_WARN_UNUSED_VARIABLE = YES;
				IPHONEOS_DEPLOYMENT_TARGET = 11.4;
				MTL_ENABLE_DEBUG_INFO = NO;
				SDKROOT = iphoneos;
				SWIFT_COMPILATION_MODE = wholemodule;
				SWIFT_OPTIMIZATION_LEVEL = "-O";
				VALIDATE_PRODUCT = YES;
			};
			name = Release;
		};
		2CC5981D210990D100D7F61F /* Debug */ = {
			isa = XCBuildConfiguration;
			buildSettings = {
				ASSETCATALOG_COMPILER_APPICON_NAME = AppIcon;
				CODE_SIGN_STYLE = Automatic;
				DEVELOPMENT_TEAM = 4QB7DY9XND;
				INFOPLIST_FILE = TestTask/Info.plist;
				IPHONEOS_DEPLOYMENT_TARGET = 10.3;
				LD_RUNPATH_SEARCH_PATHS = (
					"$(inherited)",
					"@executable_path/Frameworks",
				);
				PRODUCT_BUNDLE_IDENTIFIER = ITEA.Contacts;
				PRODUCT_NAME = "$(TARGET_NAME)";
				SWIFT_VERSION = 4.0;
				TARGETED_DEVICE_FAMILY = "1,2";
			};
			name = Debug;
		};
		2CC5981E210990D100D7F61F /* Release */ = {
			isa = XCBuildConfiguration;
			buildSettings = {
				ASSETCATALOG_COMPILER_APPICON_NAME = AppIcon;
				CODE_SIGN_STYLE = Automatic;
				DEVELOPMENT_TEAM = 4QB7DY9XND;
				INFOPLIST_FILE = TestTask/Info.plist;
				IPHONEOS_DEPLOYMENT_TARGET = 10.3;
				LD_RUNPATH_SEARCH_PATHS = (
					"$(inherited)",
					"@executable_path/Frameworks",
				);
				PRODUCT_BUNDLE_IDENTIFIER = ITEA.Contacts;
				PRODUCT_NAME = "$(TARGET_NAME)";
				SWIFT_VERSION = 4.0;
				TARGETED_DEVICE_FAMILY = "1,2";
			};
			name = Release;
		};
/* End XCBuildConfiguration section */

/* Begin XCConfigurationList section */
		2CC59805210990D000D7F61F /* Build configuration list for PBXProject "TestTask" */ = {
			isa = XCConfigurationList;
			buildConfigurations = (
				2CC5981A210990D100D7F61F /* Debug */,
				2CC5981B210990D100D7F61F /* Release */,
			);
			defaultConfigurationIsVisible = 0;
			defaultConfigurationName = Release;
		};
		2CC5981C210990D100D7F61F /* Build configuration list for PBXNativeTarget "TestTask" */ = {
			isa = XCConfigurationList;
			buildConfigurations = (
				2CC5981D210990D100D7F61F /* Debug */,
				2CC5981E210990D100D7F61F /* Release */,
			);
			defaultConfigurationIsVisible = 0;
			defaultConfigurationName = Release;
		};
/* End XCConfigurationList section */
	};
	rootObject = 2CC59802210990D000D7F61F /* Project object */;
}
